
Microsoft Visual Studio Solution File, Format Version 12.00
# Visual Studio 2012
Project("{2150E333-8FDC-42A3-9474-1A3956D46DE8}") = "Server", "Server", "{0DEFF60C-04E7-4DA7-B6F9-0ECB74A5D053}"
EndProject
Project("{2150E333-8FDC-42A3-9474-1A3956D46DE8}") = "Test Hosts", "Test Hosts", "{AA6D78C3-A527-4FDF-A19B-2411294D3C22}"
EndProject
Project("{FAE04EC0-301F-11D3-BF4B-00C04F79EFBC}") = "Dserv.TestHost.iOS", "Dserv.TestHost.iOS\Dserv.TestHost.iOS.csproj", "{6D8E4640-4959-403C-9FA4-83946D1AAD2E}"
EndProject
Project("{FAE04EC0-301F-11D3-BF4B-00C04F79EFBC}") = "Dserv.Server.Android", "Server\Dserv.Server.Android\Dserv.Server.Android.csproj", "{729E9BCF-55D4-4BF5-9501-394164BCED75}"
EndProject
Project("{5DD5E4FA-CB73-4610-85AB-557B54E96AA9}") = "Dserv.Server.NuGet", "Server\Dserv.Server.NuGet\Dserv.Server.NuGet.nuproj", "{004D712F-62FB-4F40-88C9-7C6EBF5A60F6}"
EndProject
Project("{D954291E-2A0B-460D-934E-DC6B0785DB48}") = "Dserv.Server.Shared", "Server\Dserv.Server.Shared\Dserv.Server.Shared.shproj", "{F50D7666-7DFE-4E77-A33E-12AEE20633F5}"
EndProject
Project("{FAE04EC0-301F-11D3-BF4B-00C04F79EFBC}") = "Dserv.Server.iOS", "Server\Dserv.Server.iOS\Dserv.Server.iOS.csproj", "{95008451-BB70-402E-859C-C231DC97FB45}"
EndProject
Global
	GlobalSection(SolutionConfigurationPlatforms) = preSolution
		Debug|Any CPU = Debug|Any CPU
		Release|Any CPU = Release|Any CPU
		Debug|iPhoneSimulator = Debug|iPhoneSimulator
		Release|iPhone = Release|iPhone
		Release|iPhoneSimulator = Release|iPhoneSimulator
		Debug|iPhone = Debug|iPhone
	EndGlobalSection
	GlobalSection(ProjectConfigurationPlatforms) = postSolution
		{6D8E4640-4959-403C-9FA4-83946D1AAD2E}.Debug|Any CPU.ActiveCfg = Debug|iPhoneSimulator
		{6D8E4640-4959-403C-9FA4-83946D1AAD2E}.Debug|Any CPU.Build.0 = Debug|iPhoneSimulator
		{6D8E4640-4959-403C-9FA4-83946D1AAD2E}.Release|Any CPU.ActiveCfg = Release|iPhone
		{6D8E4640-4959-403C-9FA4-83946D1AAD2E}.Release|Any CPU.Build.0 = Release|iPhone
		{6D8E4640-4959-403C-9FA4-83946D1AAD2E}.Debug|iPhoneSimulator.ActiveCfg = Debug|iPhoneSimulator
		{6D8E4640-4959-403C-9FA4-83946D1AAD2E}.Debug|iPhoneSimulator.Build.0 = Debug|iPhoneSimulator
		{6D8E4640-4959-403C-9FA4-83946D1AAD2E}.Release|iPhone.ActiveCfg = Release|iPhone
		{6D8E4640-4959-403C-9FA4-83946D1AAD2E}.Release|iPhone.Build.0 = Release|iPhone
		{6D8E4640-4959-403C-9FA4-83946D1AAD2E}.Release|iPhoneSimulator.ActiveCfg = Release|iPhoneSimulator
		{6D8E4640-4959-403C-9FA4-83946D1AAD2E}.Release|iPhoneSimulator.Build.0 = Release|iPhoneSimulator
		{6D8E4640-4959-403C-9FA4-83946D1AAD2E}.Debug|iPhone.ActiveCfg = Debug|iPhone
		{6D8E4640-4959-403C-9FA4-83946D1AAD2E}.Debug|iPhone.Build.0 = Debug|iPhone
		{729E9BCF-55D4-4BF5-9501-394164BCED75}.Debug|Any CPU.ActiveCfg = Debug|Any CPU
		{729E9BCF-55D4-4BF5-9501-394164BCED75}.Debug|Any CPU.Build.0 = Debug|Any CPU
		{729E9BCF-55D4-4BF5-9501-394164BCED75}.Release|Any CPU.ActiveCfg = Release|Any CPU
		{729E9BCF-55D4-4BF5-9501-394164BCED75}.Release|Any CPU.Build.0 = Release|Any CPU
		{729E9BCF-55D4-4BF5-9501-394164BCED75}.Debug|iPhoneSimulator.ActiveCfg = Debug|Any CPU
		{729E9BCF-55D4-4BF5-9501-394164BCED75}.Debug|iPhoneSimulator.Build.0 = Debug|Any CPU
		{729E9BCF-55D4-4BF5-9501-394164BCED75}.Release|iPhone.ActiveCfg = Release|Any CPU
		{729E9BCF-55D4-4BF5-9501-394164BCED75}.Release|iPhone.Build.0 = Release|Any CPU
		{729E9BCF-55D4-4BF5-9501-394164BCED75}.Release|iPhoneSimulator.ActiveCfg = Release|Any CPU
		{729E9BCF-55D4-4BF5-9501-394164BCED75}.Release|iPhoneSimulator.Build.0 = Release|Any CPU
		{729E9BCF-55D4-4BF5-9501-394164BCED75}.Debug|iPhone.ActiveCfg = Debug|Any CPU
		{729E9BCF-55D4-4BF5-9501-394164BCED75}.Debug|iPhone.Build.0 = Debug|Any CPU
		{004D712F-62FB-4F40-88C9-7C6EBF5A60F6}.Debug|Any CPU.ActiveCfg = Debug|Any CPU
		{004D712F-62FB-4F40-88C9-7C6EBF5A60F6}.Debug|Any CPU.Build.0 = Debug|Any CPU
		{004D712F-62FB-4F40-88C9-7C6EBF5A60F6}.Release|Any CPU.ActiveCfg = Release|Any CPU
		{004D712F-62FB-4F40-88C9-7C6EBF5A60F6}.Release|Any CPU.Build.0 = Release|Any CPU
		{004D712F-62FB-4F40-88C9-7C6EBF5A60F6}.Debug|iPhoneSimulator.ActiveCfg = Debug|Any CPU
		{004D712F-62FB-4F40-88C9-7C6EBF5A60F6}.Debug|iPhoneSimulator.Build.0 = Debug|Any CPU
		{004D712F-62FB-4F40-88C9-7C6EBF5A60F6}.Release|iPhone.ActiveCfg = Release|Any CPU
		{004D712F-62FB-4F40-88C9-7C6EBF5A60F6}.Release|iPhone.Build.0 = Release|Any CPU
		{004D712F-62FB-4F40-88C9-7C6EBF5A60F6}.Release|iPhoneSimulator.ActiveCfg = Release|Any CPU
		{004D712F-62FB-4F40-88C9-7C6EBF5A60F6}.Release|iPhoneSimulator.Build.0 = Release|Any CPU
		{004D712F-62FB-4F40-88C9-7C6EBF5A60F6}.Debug|iPhone.ActiveCfg = Debug|Any CPU
		{004D712F-62FB-4F40-88C9-7C6EBF5A60F6}.Debug|iPhone.Build.0 = Debug|Any CPU
		{95008451-BB70-402E-859C-C231DC97FB45}.Debug|Any CPU.ActiveCfg = Debug|Any CPU
		{95008451-BB70-402E-859C-C231DC97FB45}.Debug|Any CPU.Build.0 = Debug|Any CPU
		{95008451-BB70-402E-859C-C231DC97FB45}.Release|Any CPU.ActiveCfg = Release|Any CPU
		{95008451-BB70-402E-859C-C231DC97FB45}.Release|Any CPU.Build.0 = Release|Any CPU
		{95008451-BB70-402E-859C-C231DC97FB45}.Debug|iPhoneSimulator.ActiveCfg = Debug|Any CPU
		{95008451-BB70-402E-859C-C231DC97FB45}.Debug|iPhoneSimulator.Build.0 = Debug|Any CPU
		{95008451-BB70-402E-859C-C231DC97FB45}.Release|iPhone.ActiveCfg = Release|Any CPU
		{95008451-BB70-402E-859C-C231DC97FB45}.Release|iPhone.Build.0 = Release|Any CPU
		{95008451-BB70-402E-859C-C231DC97FB45}.Release|iPhoneSimulator.ActiveCfg = Release|Any CPU
		{95008451-BB70-402E-859C-C231DC97FB45}.Release|iPhoneSimulator.Build.0 = Release|Any CPU
		{95008451-BB70-402E-859C-C231DC97FB45}.Debug|iPhone.ActiveCfg = Debug|Any CPU
		{95008451-BB70-402E-859C-C231DC97FB45}.Debug|iPhone.Build.0 = Debug|Any CPU
	EndGlobalSection
	GlobalSection(NestedProjects) = preSolution
		{6D8E4640-4959-403C-9FA4-83946D1AAD2E} = {AA6D78C3-A527-4FDF-A19B-2411294D3C22}
		{729E9BCF-55D4-4BF5-9501-394164BCED75} = {0DEFF60C-04E7-4DA7-B6F9-0ECB74A5D053}
		{004D712F-62FB-4F40-88C9-7C6EBF5A60F6} = {0DEFF60C-04E7-4DA7-B6F9-0ECB74A5D053}
		{F50D7666-7DFE-4E77-A33E-12AEE20633F5} = {0DEFF60C-04E7-4DA7-B6F9-0ECB74A5D053}
		{95008451-BB70-402E-859C-C231DC97FB45} = {0DEFF60C-04E7-4DA7-B6F9-0ECB74A5D053}
	EndGlobalSection
EndGlobal
