
Microsoft Visual Studio Solution File, Format Version 12.00
# Visual Studio 2012
Project("{2150E333-8FDC-42A3-9474-1A3956D46DE8}") = "Server", "Server", "{0DEFF60C-04E7-4DA7-B6F9-0ECB74A5D053}"
EndProject
Project("{FAE04EC0-301F-11D3-BF4B-00C04F79EFBC}") = "Dserv.Server", "Server\Dserv.Server\Dserv.Server.csproj", "{7022D1D1-FDD7-4E34-BD40-7E1F7E9BE08E}"
EndProject
Project("{FAE04EC0-301F-11D3-BF4B-00C04F79EFBC}") = "Dserv.Server.Droid", "Server\Dserv.Server.Droid\Dserv.Server.Droid.csproj", "{28AD9785-9F90-4B3A-8379-F691F8A7F1F1}"
EndProject
Project("{FAE04EC0-301F-11D3-BF4B-00C04F79EFBC}") = "Dserv.Server.iOS", "Server\Dserv.Server.iOS\Dserv.Server.iOS.csproj", "{81BA3299-8674-4083-BE74-407AC5AA154D}"
EndProject
Global
	GlobalSection(SolutionConfigurationPlatforms) = preSolution
		Debug|Any CPU = Debug|Any CPU
		Release|Any CPU = Release|Any CPU
	EndGlobalSection
	GlobalSection(ProjectConfigurationPlatforms) = postSolution
		{7022D1D1-FDD7-4E34-BD40-7E1F7E9BE08E}.Debug|Any CPU.ActiveCfg = Debug|Any CPU
		{7022D1D1-FDD7-4E34-BD40-7E1F7E9BE08E}.Debug|Any CPU.Build.0 = Debug|Any CPU
		{7022D1D1-FDD7-4E34-BD40-7E1F7E9BE08E}.Release|Any CPU.ActiveCfg = Release|Any CPU
		{7022D1D1-FDD7-4E34-BD40-7E1F7E9BE08E}.Release|Any CPU.Build.0 = Release|Any CPU
		{28AD9785-9F90-4B3A-8379-F691F8A7F1F1}.Debug|Any CPU.ActiveCfg = Debug|Any CPU
		{28AD9785-9F90-4B3A-8379-F691F8A7F1F1}.Debug|Any CPU.Build.0 = Debug|Any CPU
		{28AD9785-9F90-4B3A-8379-F691F8A7F1F1}.Release|Any CPU.ActiveCfg = Release|Any CPU
		{28AD9785-9F90-4B3A-8379-F691F8A7F1F1}.Release|Any CPU.Build.0 = Release|Any CPU
		{81BA3299-8674-4083-BE74-407AC5AA154D}.Debug|Any CPU.ActiveCfg = Debug|Any CPU
		{81BA3299-8674-4083-BE74-407AC5AA154D}.Debug|Any CPU.Build.0 = Debug|Any CPU
		{81BA3299-8674-4083-BE74-407AC5AA154D}.Release|Any CPU.ActiveCfg = Release|Any CPU
		{81BA3299-8674-4083-BE74-407AC5AA154D}.Release|Any CPU.Build.0 = Release|Any CPU
	EndGlobalSection
	GlobalSection(NestedProjects) = preSolution
		{7022D1D1-FDD7-4E34-BD40-7E1F7E9BE08E} = {0DEFF60C-04E7-4DA7-B6F9-0ECB74A5D053}
		{28AD9785-9F90-4B3A-8379-F691F8A7F1F1} = {0DEFF60C-04E7-4DA7-B6F9-0ECB74A5D053}
		{81BA3299-8674-4083-BE74-407AC5AA154D} = {0DEFF60C-04E7-4DA7-B6F9-0ECB74A5D053}
	EndGlobalSection
EndGlobal
